
Microsoft Visual Studio Solution File, Format Version 12.00
# Visual Studio Version 16
VisualStudioVersion = 16.0.29306.81
MinimumVisualStudioVersion = 10.0.40219.1
Project("{FAE04EC0-301F-11D3-BF4B-00C04F79EFBC}") = "dCC-GroupCapstone", "dCC-GroupCapstone.csproj", "{40A8E8F8-B0DC-414E-B0C5-CC680D761880}"
EndProject
Global
	GlobalSection(SolutionConfigurationPlatforms) = preSolution
		Debug|Any CPU = Debug|Any CPU
		Release|Any CPU = Release|Any CPU
	EndGlobalSection
	GlobalSection(ProjectConfigurationPlatforms) = postSolution
		{40A8E8F8-B0DC-414E-B0C5-CC680D761880}.Debug|Any CPU.ActiveCfg = Debug|Any CPU
		{40A8E8F8-B0DC-414E-B0C5-CC680D761880}.Debug|Any CPU.Build.0 = Debug|Any CPU
		{40A8E8F8-B0DC-414E-B0C5-CC680D761880}.Release|Any CPU.ActiveCfg = Release|Any CPU
		{40A8E8F8-B0DC-414E-B0C5-CC680D761880}.Release|Any CPU.Build.0 = Release|Any CPU
	EndGlobalSection
	GlobalSection(SolutionProperties) = preSolution
		HideSolutionNode = FALSE
	EndGlobalSection
	GlobalSection(ExtensibilityGlobals) = postSolution
		SolutionGuid = {177E22BD-23A3-4EEC-9A87-2F27EBB5F6E6}
	EndGlobalSection
EndGlobal
